{
  "lockfileVersion": 1,
  "workspaces": {
    "": {
      "name": "douyin-ocr",
      "dependencies": {
        "@tauri-apps/api": "^2.0.0",
        "@tauri-apps/plugin-dialog": "^2.0.0",
        "@tauri-apps/plugin-opener": "^2.0.0",
      },
      "devDependencies": {
        "@tauri-apps/cli": "^2.0.0",
        "typescript": "^5.9.3",
        "vite": "^7.0.0",
      },
    },
  },
  "packages": {
    "@esbuild/aix-ppc64": ["@esbuild/aix-ppc64@0.27.7", "", { "os": "aix", "cpu": "ppc64" }, "sha512-EKX3Qwmhz1eMdEJokhALr0YiD0lhQNwDqkPYyPhiSwKrh7/4KRjQc04sZ8db+5DVVnZ1LmbNDI1uAMPEUBnQPg=="],

    "@esbuild/android-arm": ["@esbuild/android-arm@0.27.7", "", { "os": "android", "cpu": "arm" }, "sha512-jbPXvB4Yj2yBV7HUfE2KHe4GJX51QplCN1pGbYjvsyCZbQmies29EoJbkEc+vYuU5o45AfQn37vZlyXy4YJ8RQ=="],

    "@esbuild/android-arm64": ["@esbuild/android-arm64@0.27.7", "", { "os": "android", "cpu": "arm64" }, "sha512-62dPZHpIXzvChfvfLJow3q5dDtiNMkwiRzPylSCfriLvZeq0a1bWChrGx/BbUbPwOrsWKMn8idSllklzBy+dgQ=="],

    "@esbuild/android-x64": ["@esbuild/android-x64@0.27.7", "", { "os": "android", "cpu": "x64" }, "sha512-x5VpMODneVDb70PYV2VQOmIUUiBtY3D3mPBG8NxVk5CogneYhkR7MmM3yR/uMdITLrC1ml/NV1rj4bMJuy9MCg=="],

    "@esbuild/darwin-arm64": ["@esbuild/darwin-arm64@0.27.7", "", { "os": "darwin", "cpu": "arm64" }, "sha512-5lckdqeuBPlKUwvoCXIgI2D9/ABmPq3Rdp7IfL70393YgaASt7tbju3Ac+ePVi3KDH6N2RqePfHnXkaDtY9fkw=="],

    "@esbuild/darwin-x64": ["@esbuild/darwin-x64@0.27.7", "", { "os": "darwin", "cpu": "x64" }, "sha512-rYnXrKcXuT7Z+WL5K980jVFdvVKhCHhUwid+dDYQpH+qu+TefcomiMAJpIiC2EM3Rjtq0sO3StMV/+3w3MyyqQ=="],

    "@esbuild/freebsd-arm64": ["@esbuild/freebsd-arm64@0.27.7", "", { "os": "freebsd", "cpu": "arm64" }, "sha512-B48PqeCsEgOtzME2GbNM2roU29AMTuOIN91dsMO30t+Ydis3z/3Ngoj5hhnsOSSwNzS+6JppqWsuhTp6E82l2w=="],

    "@esbuild/freebsd-x64": ["@esbuild/freebsd-x64@0.27.7", "", { "os": "freebsd", "cpu": "x64" }, "sha512-jOBDK5XEjA4m5IJK3bpAQF9/Lelu/Z9ZcdhTRLf4cajlB+8VEhFFRjWgfy3M1O4rO2GQ/b2dLwCUGpiF/eATNQ=="],

    "@esbuild/linux-arm": ["@esbuild/linux-arm@0.27.7", "", { "os": "linux", "cpu": "arm" }, "sha512-RkT/YXYBTSULo3+af8Ib0ykH8u2MBh57o7q/DAs3lTJlyVQkgQvlrPTnjIzzRPQyavxtPtfg0EopvDyIt0j1rA=="],

    "@esbuild/linux-arm64": ["@esbuild/linux-arm64@0.27.7", "", { "os": "linux", "cpu": "arm64" }, "sha512-RZPHBoxXuNnPQO9rvjh5jdkRmVizktkT7TCDkDmQ0W2SwHInKCAV95GRuvdSvA7w4VMwfCjUiPwDi0ZO6Nfe9A=="],

    "@esbuild/linux-ia32": ["@esbuild/linux-ia32@0.27.7", "", { "os": "linux", "cpu": "ia32" }, "sha512-GA48aKNkyQDbd3KtkplYWT102C5sn/EZTY4XROkxONgruHPU72l+gW+FfF8tf2cFjeHaRbWpOYa/uRBz/Xq1Pg=="],

    "@esbuild/linux-loong64": ["@esbuild/linux-loong64@0.27.7", "", { "os": "linux", "cpu": "none" }, "sha512-a4POruNM2oWsD4WKvBSEKGIiWQF8fZOAsycHOt6JBpZ+JN2n2JH9WAv56SOyu9X5IqAjqSIPTaJkqN8F7XOQ5Q=="],

    "@esbuild/linux-mips64el": ["@esbuild/linux-mips64el@0.27.7", "", { "os": "linux", "cpu": "none" }, "sha512-KabT5I6StirGfIz0FMgl1I+R1H73Gp0ofL9A3nG3i/cYFJzKHhouBV5VWK1CSgKvVaG4q1RNpCTR2LuTVB3fIw=="],

    "@esbuild/linux-ppc64": ["@esbuild/linux-ppc64@0.27.7", "", { "os": "linux", "cpu": "ppc64" }, "sha512-gRsL4x6wsGHGRqhtI+ifpN/vpOFTQtnbsupUF5R5YTAg+y/lKelYR1hXbnBdzDjGbMYjVJLJTd2OFmMewAgwlQ=="],

    "@esbuild/linux-riscv64": ["@esbuild/linux-riscv64@0.27.7", "", { "os": "linux", "cpu": "none" }, "sha512-hL25LbxO1QOngGzu2U5xeXtxXcW+/GvMN3ejANqXkxZ/opySAZMrc+9LY/WyjAan41unrR3YrmtTsUpwT66InQ=="],

    "@esbuild/linux-s390x": ["@esbuild/linux-s390x@0.27.7", "", { "os": "linux", "cpu": "s390x" }, "sha512-2k8go8Ycu1Kb46vEelhu1vqEP+UeRVj2zY1pSuPdgvbd5ykAw82Lrro28vXUrRmzEsUV0NzCf54yARIK8r0fdw=="],

    "@esbuild/linux-x64": ["@esbuild/linux-x64@0.27.7", "", { "os": "linux", "cpu": "x64" }, "sha512-hzznmADPt+OmsYzw1EE33ccA+HPdIqiCRq7cQeL1Jlq2gb1+OyWBkMCrYGBJ+sxVzve2ZJEVeePbLM2iEIZSxA=="],

    "@esbuild/netbsd-arm64": ["@esbuild/netbsd-arm64@0.27.7", "", { "os": "none", "cpu": "arm64" }, "sha512-b6pqtrQdigZBwZxAn1UpazEisvwaIDvdbMbmrly7cDTMFnw/+3lVxxCTGOrkPVnsYIosJJXAsILG9XcQS+Yu6w=="],

    "@esbuild/netbsd-x64": ["@esbuild/netbsd-x64@0.27.7", "", { "os": "none", "cpu": "x64" }, "sha512-OfatkLojr6U+WN5EDYuoQhtM+1xco+/6FSzJJnuWiUw5eVcicbyK3dq5EeV/QHT1uy6GoDhGbFpprUiHUYggrw=="],

    "@esbuild/openbsd-arm64": ["@esbuild/openbsd-arm64@0.27.7", "", { "os": "openbsd", "cpu": "arm64" }, "sha512-AFuojMQTxAz75Fo8idVcqoQWEHIXFRbOc1TrVcFSgCZtQfSdc1RXgB3tjOn/krRHENUB4j00bfGjyl2mJrU37A=="],

    "@esbuild/openbsd-x64": ["@esbuild/openbsd-x64@0.27.7", "", { "os": "openbsd", "cpu": "x64" }, "sha512-+A1NJmfM8WNDv5CLVQYJ5PshuRm/4cI6WMZRg1by1GwPIQPCTs1GLEUHwiiQGT5zDdyLiRM/l1G0Pv54gvtKIg=="],

    "@esbuild/openharmony-arm64": ["@esbuild/openharmony-arm64@0.27.7", "", { "os": "none", "cpu": "arm64" }, "sha512-+KrvYb/C8zA9CU/g0sR6w2RBw7IGc5J2BPnc3dYc5VJxHCSF1yNMxTV5LQ7GuKteQXZtspjFbiuW5/dOj7H4Yw=="],

    "@esbuild/sunos-x64": ["@esbuild/sunos-x64@0.27.7", "", { "os": "sunos", "cpu": "x64" }, "sha512-ikktIhFBzQNt/QDyOL580ti9+5mL/YZeUPKU2ivGtGjdTYoqz6jObj6nOMfhASpS4GU4Q/Clh1QtxWAvcYKamA=="],

    "@esbuild/win32-arm64": ["@esbuild/win32-arm64@0.27.7", "", { "os": "win32", "cpu": "arm64" }, "sha512-7yRhbHvPqSpRUV7Q20VuDwbjW5kIMwTHpptuUzV+AA46kiPze5Z7qgt6CLCK3pWFrHeNfDd1VKgyP4O+ng17CA=="],

    "@esbuild/win32-ia32": ["@esbuild/win32-ia32@0.27.7", "", { "os": "win32", "cpu": "ia32" }, "sha512-SmwKXe6VHIyZYbBLJrhOoCJRB/Z1tckzmgTLfFYOfpMAx63BJEaL9ExI8x7v0oAO3Zh6D/Oi1gVxEYr5oUCFhw=="],

    "@esbuild/win32-x64": ["@esbuild/win32-x64@0.27.7", "", { "os": "win32", "cpu": "x64" }, "sha512-56hiAJPhwQ1R4i+21FVF7V8kSD5zZTdHcVuRFMW0hn753vVfQN8xlx4uOPT4xoGH0Z/oVATuR82AiqSTDIpaHg=="],

    "@rollup/rollup-android-arm-eabi": ["@rollup/rollup-android-arm-eabi@4.62.2", "", { "os": "android", "cpu": "arm" }, "sha512-6o7ZLZK+BeenkZCFNDXqpbjw9bD6nuWonvS/lwQJp7NoVVxm6p3qE7qQ5jGuBjiFsgvqjD8mZAU5oWxTmbOeOg=="],

    "@rollup/rollup-android-arm64": ["@rollup/rollup-android-arm64@4.62.2", "", { "os": "android", "cpu": "arm64" }, "sha512-BaH7BllCACHoH1LguOU56UItGfUWjujlO65kS9LAodViaN4bwIKd7oeW/ZHJ/4ljr/7MIiENnNy3HJ0zXv8Zkw=="],

    "@rollup/rollup-darwin-arm64": ["@rollup/rollup-darwin-arm64@4.62.2", "", { "os": "darwin", "cpu": "arm64" }, "sha512-v39RCCvj4He82I9sFmk+M1VZ0PLM9sfsLVikjfx2hYBNALhrrOR2D3JjQA6AhlaSOgcR+RzrKY7e1+bT6SUO/A=="],

    "@rollup/rollup-darwin-x64": ["@rollup/rollup-darwin-x64@4.62.2", "", { "os": "darwin", "cpu": "x64" }, "sha512-yl0y2vq3S3lHeuXhEdss6TWfKW8vkujImO12tn4ZkG/4oghr09LvdYm2RElVjokTQiUvDUGXLGsYeLqUMCKpGA=="],

    "@rollup/rollup-freebsd-arm64": ["@rollup/rollup-freebsd-arm64@4.62.2", "", { "os": "freebsd", "cpu": "arm64" }, "sha512-tT4pvt4qXD+vEoezupCWi+a1F0vvDiksiHc+PxRlYTOH1I6/X4id9jPxTP+Fg+545euaFT1jJVs4CEdHZAU1vw=="],

    "@rollup/rollup-freebsd-x64": ["@rollup/rollup-freebsd-x64@4.62.2", "", { "os": "freebsd", "cpu": "x64" }, "sha512-6nU5F2wCW+qvCBhTn1pdIU3bzsIoF7EUwsCDRxilWGprQR6yd508YnH9+OKFCwpfS8pjZqDUmnCAr7exax0XCg=="],

    "@rollup/rollup-linux-arm-gnueabihf": ["@rollup/rollup-linux-arm-gnueabihf@4.62.2", "", { "os": "linux", "cpu": "arm" }, "sha512-n1GJHPOvpIfhi3TmrCeh6S6URt9BFCt0KQE3qvexyGCTAKpR4Lg+eWvNZEqu7epxwus/8ElT3hacYEucm49SZg=="],

    "@rollup/rollup-linux-arm-musleabihf": ["@rollup/rollup-linux-arm-musleabihf@4.62.2", "", { "os": "linux", "cpu": "arm" }, "sha512-JqgflS8wEB+UXV/vS1RpRbifGBeN4D5lz8D8oOFbFZw4vedvdOgCFAjfBmIMdW3yL10XpQQ0Ambepw6MXrhOnA=="],

    "@rollup/rollup-linux-arm64-gnu": ["@rollup/rollup-linux-arm64-gnu@4.62.2", "", { "os": "linux", "cpu": "arm64" }, "sha512-wnFJkogWvN4jm/hQRF2UBaeUmk20j5+DmHvoyWii2b8HJDyvz1MF2OU/6ynXt2KR63rbZLWkFpoytpdc/yBuSA=="],

    "@rollup/rollup-linux-arm64-musl": ["@rollup/rollup-linux-arm64-musl@4.62.2", "", { "os": "linux", "cpu": "arm64" }, "sha512-HVu2bp0zhvJ8xHEV9+UUs7S90VadmBSY3LcIMvozbPo4AuMGDWlz3ymHLHZPX4hR67TKTt8Qp5PJ5RBg/i+RMQ=="],

    "@rollup/rollup-linux-loong64-gnu": ["@rollup/rollup-linux-loong64-gnu@4.62.2", "", { "os": "linux", "cpu": "none" }, "sha512-mQqqAV8QaoSgr9I2fKDLY2BAVvmKjWoGiu/cSYQonsLvtqwEn1E4QYfnCOcp5zoEqNhsDYin1s6jx/VJmrxlZg=="],

    "@rollup/rollup-linux-loong64-musl": ["@rollup/rollup-linux-loong64-musl@4.62.2", "", { "os": "linux", "cpu": "none" }, "sha512-IxKLoxCQ2IWi6bT2akyDUBGsOImDKB+sPp4EsTmwFQ/fMwpCKm8uLSSgP/Kx/QYUgKis6SEZ5/Nlhup0DIA0PQ=="],

    "@rollup/rollup-linux-ppc64-gnu": ["@rollup/rollup-linux-ppc64-gnu@4.62.2", "", { "os": "linux", "cpu": "ppc64" }, "sha512-Mk5ha2RQSgyFfmYYLkBpPnUk8D8FriBxesO1u9O75X0mHgXL1UQcH5Itl2lurWL2tj0RxV9b9tJgipac0hRY9A=="],

    "@rollup/rollup-linux-ppc64-musl": ["@rollup/rollup-linux-ppc64-musl@4.62.2", "", { "os": "linux", "cpu": "ppc64" }, "sha512-CjvEnqJL/0/TQ3TXX3OPIJ/kmBellrWd4heXUmHeJlTnmwjKpSJzoehLaL6Xk0ZnMHBu9dZuFADNOrtjF4v+2w=="],

    "@rollup/rollup-linux-riscv64-gnu": ["@rollup/rollup-linux-riscv64-gnu@4.62.2", "", { "os": "linux", "cpu": "none" }, "sha512-1SiZbzwdkaDURsew/tSOrooKiYy7EQGT6m8ufavAi9NEyQb/6VuIxFXAL1fqa4iZe3g4NbNk4P7J32z2tw5Mgg=="],

    "@rollup/rollup-linux-riscv64-musl": ["@rollup/rollup-linux-riscv64-musl@4.62.2", "", { "os": "linux", "cpu": "none" }, "sha512-nQts12zJ3NQRoE6uYljOH89v7szzLDvG2JD/vsX+vGXU8w/At1GowTZ5/7qeFQ8m7L55rpR8Okugnuo5bgjy2Q=="],

    "@rollup/rollup-linux-s390x-gnu": ["@rollup/rollup-linux-s390x-gnu@4.62.2", "", { "os": "linux", "cpu": "s390x" }, "sha512-E9/ll019jhPIJgpzfZoIkBGhcz+kKNgVWYRY0zr9srBdPPFVpvOKW8VaJKUbeK+eZXyQF9ltME+Kk6affeaPgg=="],

    "@rollup/rollup-linux-x64-gnu": ["@rollup/rollup-linux-x64-gnu@4.62.2", "", { "os": "linux", "cpu": "x64" }, "sha512-5BqxR/pshjey51iliyzTD5Xi3EN0aLmQ2lZ3lvefVV9c82BvrLo2/6OT55iifpWBufs6kdwWbuOKS841DrmK9A=="],

    "@rollup/rollup-linux-x64-musl": ["@rollup/rollup-linux-x64-musl@4.62.2", "", { "os": "linux", "cpu": "x64" }, "sha512-uNN83XxQrRAh/w0/pmAfibcwyb6YWt4gP+dpnQKPVJshAloQ785ii8CT8ZCIxkGg9opVsvAlGhFitSm6D1Jjpg=="],

    "@rollup/rollup-openbsd-x64": ["@rollup/rollup-openbsd-x64@4.62.2", "", { "os": "openbsd", "cpu": "x64" }, "sha512-srjEIxSH3LRnJN6THczDHWQplqEMFiAJrTab0msUryh9kwNpkICf3Ea6q6MN/2cZwRFUNx5w+h6Hpi4QuHS6Zg=="],

    "@rollup/rollup-openharmony-arm64": ["@rollup/rollup-openharmony-arm64@4.62.2", "", { "os": "none", "cpu": "arm64" }, "sha512-8hOJnxgbyObnCm5AlRA3A931xX19xq80RjVTKgJOvEKWqJruP/Uf12IbAOaDjjEXYRewwHLfmF0YRIdK3OwKWA=="],

    "@rollup/rollup-win32-arm64-msvc": ["@rollup/rollup-win32-arm64-msvc@4.62.2", "", { "os": "win32", "cpu": "arm64" }, "sha512-mmF4AY1i0hG/bLWUctUq59gtmgaSIRa3cu/A3JFRp/sCNEme2bgDEiDS22P9FbnJB8NJNF4jPJiSP5RHQpUTDg=="],

    "@rollup/rollup-win32-ia32-msvc": ["@rollup/rollup-win32-ia32-msvc@4.62.2", "", { "os": "win32", "cpu": "ia32" }, "sha512-DZgkknc6jhHrk46V25vbAM0zZkyP0nSDkJB8/dRkLTxv470dOmWDqGoEJl/9A0dFfS7yE3REOwNDxpHwSLSt0Q=="],

    "@rollup/rollup-win32-x64-gnu": ["@rollup/rollup-win32-x64-gnu@4.62.2", "", { "os": "win32", "cpu": "x64" }, "sha512-T6xr6ucWSFto+VGajA8YH26LdpHRuP4YLHEKAtCWvJDOlnmWcDZVCI2Jmjr+IFHDlt2zRaTAKE4tfjTaWLgJBg=="],

    "@rollup/rollup-win32-x64-msvc": ["@rollup/rollup-win32-x64-msvc@4.62.2", "", { "os": "win32", "cpu": "x64" }, "sha512-BfzEnDJOt9T8M989/lA37EcJgat01wLRnoi5dQf3QzOH7jzpqTAzdDbVfRljVr5r+jzKqpbHeyOfAaXxAd0PAA=="],

    "@tauri-apps/api": ["@tauri-apps/api@2.11.1", "", {}, "sha512-M2FPuYND2m+wh5hfW9ZpSdxMPdEJovPBWwoHJmwUpysTYNHaOkVFN419m/K0LIgjb/7KU2vBgsUepJWugQCvAA=="],

    "@tauri-apps/cli": ["@tauri-apps/cli@2.11.3", "", { "optionalDependencies": { "@tauri-apps/cli-darwin-arm64": "2.11.3", "@tauri-apps/cli-darwin-x64": "2.11.3", "@tauri-apps/cli-linux-arm-gnueabihf": "2.11.3", "@tauri-apps/cli-linux-arm64-gnu": "2.11.3", "@tauri-apps/cli-linux-arm64-musl": "2.11.3", "@tauri-apps/cli-linux-riscv64-gnu": "2.11.3", "@tauri-apps/cli-linux-x64-gnu": "2.11.3", "@tauri-apps/cli-linux-x64-musl": "2.11.3", "@tauri-apps/cli-win32-arm64-msvc": "2.11.3", "@tauri-apps/cli-win32-ia32-msvc": "2.11.3", "@tauri-apps/cli-win32-x64-msvc": "2.11.3" }, "bin": { "tauri": "tauri.js" } }, "sha512-EElQe8z8uD7Pi5++tJ/UfEwWuK08rd3oCDYdeIbJAb6pZRrxlqmoF5gh5H5YvzmUPhS4IRCaLSsQhvWkrfK+GQ=="],

    "@tauri-apps/cli-darwin-arm64": ["@tauri-apps/cli-darwin-arm64@2.11.3", "", { "os": "darwin", "cpu": "arm64" }, "sha512-BxpaM8bsCoXs3wd4WKYhas/G1gs7+r7B+e4WnyRk2GEoVOouJB1hoL6E6YLXZDXbYci6VFdrNnobQwd2uVL4ew=="],

    "@tauri-apps/cli-darwin-x64": ["@tauri-apps/cli-darwin-x64@2.11.3", "", { "os": "darwin", "cpu": "x64" }, "sha512-DbZYuPB1ZEzcAHYeyCvo3ltzM27+aXwPloCrtexPnmgPgulYJm3TOq6aC4S+wPhSXteddg8zImtNkvx/gQzmwg=="],

    "@tauri-apps/cli-linux-arm-gnueabihf": ["@tauri-apps/cli-linux-arm-gnueabihf@2.11.3", "", { "os": "linux", "cpu": "arm" }, "sha512-741NduqBmz1XkdU8yz3OI/kBZtqHbvxo9F9ytIeWYU69/Ba9dcZEbqOU++Dp0G/XU8vAI0TfTywEl+p+BbLvaA=="],

    "@tauri-apps/cli-linux-arm64-gnu": ["@tauri-apps/cli-linux-arm64-gnu@2.11.3", "", { "os": "linux", "cpu": "arm64" }, "sha512-RWAXT8pTqIczXcoic+LXlo6uEbAXGB0cgh6Pg7Y9xVnEbzryQ1JHtRGj9SxzrKSemBIDBH6Qc24kK2G69i8ofA=="],

    "@tauri-apps/cli-linux-arm64-musl": ["@tauri-apps/cli-linux-arm64-musl@2.11.3", "", { "os": "linux", "cpu": "arm64" }, "sha512-qomqYS+yAkd0gXMRmhguWXc7RfVN+XKKXaEwbf5QmKURwydLFOTldd6F8/WoZDSsBMrV8dpNxz0YneGLmobiSA=="],

    "@tauri-apps/cli-linux-riscv64-gnu": ["@tauri-apps/cli-linux-riscv64-gnu@2.11.3", "", { "os": "linux", "cpu": "none" }, "sha512-jOCXbDqeDj5XcclsOBAaXjtTgwZCVg8zEZ+dbPUCoADOgljFgL0rOkYTc96vUYgOrYEfuHYihWMxIDGaD6GwJw=="],

    "@tauri-apps/cli-linux-x64-gnu": ["@tauri-apps/cli-linux-x64-gnu@2.11.3", "", { "os": "linux", "cpu": "x64" }, "sha512-+u3HO/F3gHwL48t9gWN/urqZvpaEJzBFmTaq5eSIhvy8TOvnhb+LgJr3Q3BG+5JxuBrCUjqtOEz6gMttdJFSBA=="],

    "@tauri-apps/cli-linux-x64-musl": ["@tauri-apps/cli-linux-x64-musl@2.11.3", "", { "os": "linux", "cpu": "x64" }, "sha512-spr5Jpr6KF/vehkLwJ0YmdGv8QwpWU+uw7J8bgijO0sox6ZCYsSNMbcsQjTqPi4xl+p0woIYpWXgChgHYpAc8g=="],

    "@tauri-apps/cli-win32-arm64-msvc": ["@tauri-apps/cli-win32-arm64-msvc@2.11.3", "", { "os": "win32", "cpu": "arm64" }, "sha512-abkoRQih5xBa3vz2spWaex0kP/MzVzVPQHom2f8jnCq46R/luOD6Uy85EMU9/bfzf6ZzdorWJsgO+OMX90Fx2w=="],

    "@tauri-apps/cli-win32-ia32-msvc": ["@tauri-apps/cli-win32-ia32-msvc@2.11.3", "", { "os": "win32", "cpu": "ia32" }, "sha512-Vy6AvzFm1G40hg3r+OYDB3jkuu7R4wnMzbQBKuun9v6Cgg8IierpLL7toMzrZKs/8NlG8Sg4x1iLFR52oknyHg=="],

    "@tauri-apps/cli-win32-x64-msvc": ["@tauri-apps/cli-win32-x64-msvc@2.11.3", "", { "os": "win32", "cpu": "x64" }, "sha512-GlciF75GdbseajOyib2aCHwE3BXIqZ1liGKWLFRvCdN5wm8h8hFssEVKQ/6E+2jsMLg9v7LCTb983YFnn0QSww=="],

    "@tauri-apps/plugin-dialog": ["@tauri-apps/plugin-dialog@2.7.1", "", { "dependencies": { "@tauri-apps/api": "^2.11.0" } }, "sha512-OK1UBXYt+ojcmxMktzzuyonYIFta8CmAASpX+CA+DTGK24KlHjhYI6x2iOJ/TjZF4N7/ACK1oFmEOjIY9IhzOQ=="],

    "@tauri-apps/plugin-opener": ["@tauri-apps/plugin-opener@2.5.4", "", { "dependencies": { "@tauri-apps/api": "^2.11.0" } }, "sha512-1HnPkb+AmgO29HBazm4uPLKB+r7zzcTBW1d0fyYp1uP+jwtpoiNDGKMMzz58SFp49nOIrxdE3aUJtT57lfO9CQ=="],

    "@types/estree": ["@types/estree@1.0.9", "", {}, "sha512-GhdPgy1el4/ImP05X05Uw4cw2/M93BCUmnEvWZNStlCzEKME4Fkk+YpoA5OiHNQmoS7Cafb8Xa3Pya8m1Qrzeg=="],

    "esbuild": ["esbuild@0.27.7", "", { "optionalDependencies": { "@esbuild/aix-ppc64": "0.27.7", "@esbuild/android-arm": "0.27.7", "@esbuild/android-arm64": "0.27.7", "@esbuild/android-x64": "0.27.7", "@esbuild/darwin-arm64": "0.27.7", "@esbuild/darwin-x64": "0.27.7", "@esbuild/freebsd-arm64": "0.27.7", "@esbuild/freebsd-x64": "0.27.7", "@esbuild/linux-arm": "0.27.7", "@esbuild/linux-arm64": "0.27.7", "@esbuild/linux-ia32": "0.27.7", "@esbuild/linux-loong64": "0.27.7", "@esbuild/linux-mips64el": "0.27.7", "@esbuild/linux-ppc64": "0.27.7", "@esbuild/linux-riscv64": "0.27.7", "@esbuild/linux-s390x": "0.27.7", "@esbuild/linux-x64": "0.27.7", "@esbuild/netbsd-arm64": "0.27.7", "@esbuild/netbsd-x64": "0.27.7", "@esbuild/openbsd-arm64": "0.27.7", "@esbuild/openbsd-x64": "0.27.7", "@esbuild/openharmony-arm64": "0.27.7", "@esbuild/sunos-x64": "0.27.7", "@esbuild/win32-arm64": "0.27.7", "@esbuild/win32-ia32": "0.27.7", "@esbuild/win32-x64": "0.27.7" }, "bin": { "esbuild": "bin/esbuild" } }, "sha512-IxpibTjyVnmrIQo5aqNpCgoACA/dTKLTlhMHihVHhdkxKyPO1uBBthumT0rdHmcsk9uMonIWS0m4FljWzILh3w=="],

    "fdir": ["fdir@6.5.0", "", { "peerDependencies": { "picomatch": "^3 || ^4" }, "optionalPeers": ["picomatch"] }, "sha512-tIbYtZbucOs0BRGqPJkshJUYdL+SDH7dVM8gjy+ERp3WAUjLEFJE+02kanyHtwjWOnwrKYBiwAmM0p4kLJAnXg=="],

    "fsevents": ["fsevents@2.3.3", "", { "os": "darwin" }, "sha512-5xoDfX+fL7faATnagmWPpbFtwh/R77WmMMqqHGS65C3vvB0YHrgF+B1YmZ3441tMj5n63k0212XNoJwzlhffQw=="],

    "nanoid": ["nanoid@3.3.15", "", { "bin": { "nanoid": "bin/nanoid.cjs" } }, "sha512-y7Wygv/7mEOvxTuEQDB8StXdMRBWf1kR/tlhAzBRUFkB2jfcLOAxO/SHmOO2zgz1pVgK29/kyupn059/bCHdjA=="],

    "picocolors": ["picocolors@1.1.1", "", {}, "sha512-xceH2snhtb5M9liqDsmEw56le376mTZkEX/jEb/RxNFyegNul7eNslCXP9FDj/Lcu0X8KEyMceP2ntpaHrDEVA=="],

    "picomatch": ["picomatch@4.0.4", "", {}, "sha512-QP88BAKvMam/3NxH6vj2o21R6MjxZUAd6nlwAS/pnGvN9IVLocLHxGYIzFhg6fUQ+5th6P4dv4eW9jX3DSIj7A=="],

    "postcss": ["postcss@8.5.15", "", { "dependencies": { "nanoid": "^3.3.12", "picocolors": "^1.1.1", "source-map-js": "^1.2.1" } }, "sha512-FfR8sjd4em2T6fb3I2MwAJU7HWVMr9zba+enmQeeWFfCbm+UOC/0X4DS8XtpUTMwWMGbjKYP7xjfNekzyGmB3A=="],

    "rollup": ["rollup@4.62.2", "", { "dependencies": { "@types/estree": "1.0.9" }, "optionalDependencies": { "@rollup/rollup-android-arm-eabi": "4.62.2", "@rollup/rollup-android-arm64": "4.62.2", "@rollup/rollup-darwin-arm64": "4.62.2", "@rollup/rollup-darwin-x64": "4.62.2", "@rollup/rollup-freebsd-arm64": "4.62.2", "@rollup/rollup-freebsd-x64": "4.62.2", "@rollup/rollup-linux-arm-gnueabihf": "4.62.2", "@rollup/rollup-linux-arm-musleabihf": "4.62.2", "@rollup/rollup-linux-arm64-gnu": "4.62.2", "@rollup/rollup-linux-arm64-musl": "4.62.2", "@rollup/rollup-linux-loong64-gnu": "4.62.2", "@rollup/rollup-linux-loong64-musl": "4.62.2", "@rollup/rollup-linux-ppc64-gnu": "4.62.2", "@rollup/rollup-linux-ppc64-musl": "4.62.2", "@rollup/rollup-linux-riscv64-gnu": "4.62.2", "@rollup/rollup-linux-riscv64-musl": "4.62.2", "@rollup/rollup-linux-s390x-gnu": "4.62.2", "@rollup/rollup-linux-x64-gnu": "4.62.2", "@rollup/rollup-linux-x64-musl": "4.62.2", "@rollup/rollup-openbsd-x64": "4.62.2", "@rollup/rollup-openharmony-arm64": "4.62.2", "@rollup/rollup-win32-arm64-msvc": "4.62.2", "@rollup/rollup-win32-ia32-msvc": "4.62.2", "@rollup/rollup-win32-x64-gnu": "4.62.2", "@rollup/rollup-win32-x64-msvc": "4.62.2", "fsevents": "~2.3.2" }, "bin": { "rollup": "dist/bin/rollup" } }, "sha512-RFnrW4lhXA3s3eqHDZvN654g8OTjzRfqpIRJYczCGB6HzphckVAi/Qh4tbPUbRuDi7s1Llv8g/NspLkttY3gTA=="],

    "source-map-js": ["source-map-js@1.2.1", "", {}, "sha512-UXWMKhLOwVKb728IUtQPXxfYU+usdybtUrK/8uGE8CQMvrhOpwvzDBwj0QhSL7MQc7vIsISBG8VQ8+IDQxpfQA=="],

    "tinyglobby": ["tinyglobby@0.2.17", "", { "dependencies": { "fdir": "^6.5.0", "picomatch": "^4.0.4" } }, "sha512-wXR/dYpcqKmfWpEdZjiKJOwCNFndD0DMnrW/cYjVGttEkBfVgcLFHoNrlj47mjOVic9yyNu65alsgF4NQyTa2g=="],

    "typescript": ["typescript@5.9.3", "", { "bin": { "tsc": "bin/tsc", "tsserver": "bin/tsserver" } }, "sha512-jl1vZzPDinLr9eUt3J/t7V6FgNEw9QjvBPdysz9KfQDD41fQrC2Y4vKQdiaUpFT4bXlb1RHhLpp8wtm6M5TgSw=="],

    "vite": ["vite@7.3.5", "", { "dependencies": { "esbuild": "^0.27.0", "fdir": "^6.5.0", "picomatch": "^4.0.3", "postcss": "^8.5.6", "rollup": "^4.43.0", "tinyglobby": "^0.2.15" }, "optionalDependencies": { "fsevents": "~2.3.3" }, "peerDependencies": { "@types/node": "^20.19.0 || >=22.12.0", "jiti": ">=1.21.0", "less": "^4.0.0", "lightningcss": "^1.21.0", "sass": "^1.70.0", "sass-embedded": "^1.70.0", "stylus": ">=0.54.8", "sugarss": "^5.0.0", "terser": "^5.16.0", "tsx": "^4.8.1", "yaml": "^2.4.2" }, "optionalPeers": ["@types/node", "jiti", "less", "lightningcss", "sass", "sass-embedded", "stylus", "sugarss", "terser", "tsx", "yaml"], "bin": { "vite": "bin/vite.js" } }, "sha512-KuOaNhcnGFN2zIPGA7wRmzF+lJA1sea7rHq17aiJ++9lzY1WWG6Jpwqwe1KNbRVPIqHmr8GLYx7jbrQcN/7/ww=="],
  }
}
